
Microsoft Visual Studio Solution File, Format Version 12.00
# Visual Studio Version 17
VisualStudioVersion = 17.4.33103.184
MinimumVisualStudioVersion = 10.0.40219.1
Project("{FAE04EC0-301F-11D3-BF4B-00C04F79EFBC}") = "ProxyAPI", "ProxyAPI\ProxyAPI.csproj", "{A767FF90-EC98-4657-B1F2-3A9EBEC0FB8E}"
EndProject
Global
	GlobalSection(SolutionConfigurationPlatforms) = preSolution
		Debug|Any CPU = Debug|Any CPU
		Release|Any CPU = Release|Any CPU
	EndGlobalSection
	GlobalSection(ProjectConfigurationPlatforms) = postSolution
		{A767FF90-EC98-4657-B1F2-3A9EBEC0FB8E}.Debug|Any CPU.ActiveCfg = Debug|Any CPU
		{A767FF90-EC98-4657-B1F2-3A9EBEC0FB8E}.Debug|Any CPU.Build.0 = Debug|Any CPU
		{A767FF90-EC98-4657-B1F2-3A9EBEC0FB8E}.Release|Any CPU.ActiveCfg = Release|Any CPU
		{A767FF90-EC98-4657-B1F2-3A9EBEC0FB8E}.Release|Any CPU.Build.0 = Release|Any CPU
	EndGlobalSection
	GlobalSection(SolutionProperties) = preSolution
		HideSolutionNode = FALSE
	EndGlobalSection
	GlobalSection(ExtensibilityGlobals) = postSolution
		SolutionGuid = {1E13FC09-B344-468E-A606-9112293B5B40}
	EndGlobalSection
EndGlobal
